
Microsoft Visual Studio Solution File, Format Version 12.00
# Visual Studio Version 16
VisualStudioVersion = 16.0.29102.190
MinimumVisualStudioVersion = 10.0.40219.1
Project("{9A19103F-16F7-4668-BE54-9A1E7A4F7556}") = "Snapchat.ApiClient", "Snapchat.ApiClient\Snapchat.ApiClient.csproj", "{5FE8A301-0AD6-41AF-8169-245F99DF2968}"
EndProject
Project("{FAE04EC0-301F-11D3-BF4B-00C04F79EFBC}") = "SampleApplication", "SampleApplication\SampleApplication.csproj", "{CC8EC1BF-FBE6-483A-AC4B-178F45710967}"
EndProject
Global
	GlobalSection(SolutionConfigurationPlatforms) = preSolution
		Debug|Any CPU = Debug|Any CPU
		Release|Any CPU = Release|Any CPU
	EndGlobalSection
	GlobalSection(ProjectConfigurationPlatforms) = postSolution
		{5FE8A301-0AD6-41AF-8169-245F99DF2968}.Debug|Any CPU.ActiveCfg = Debug|Any CPU
		{5FE8A301-0AD6-41AF-8169-245F99DF2968}.Debug|Any CPU.Build.0 = Debug|Any CPU
		{5FE8A301-0AD6-41AF-8169-245F99DF2968}.Release|Any CPU.ActiveCfg = Release|Any CPU
		{5FE8A301-0AD6-41AF-8169-245F99DF2968}.Release|Any CPU.Build.0 = Release|Any CPU
		{CC8EC1BF-FBE6-483A-AC4B-178F45710967}.Debug|Any CPU.ActiveCfg = Debug|Any CPU
		{CC8EC1BF-FBE6-483A-AC4B-178F45710967}.Debug|Any CPU.Build.0 = Debug|Any CPU
		{CC8EC1BF-FBE6-483A-AC4B-178F45710967}.Release|Any CPU.ActiveCfg = Release|Any CPU
		{CC8EC1BF-FBE6-483A-AC4B-178F45710967}.Release|Any CPU.Build.0 = Release|Any CPU
	EndGlobalSection
	GlobalSection(SolutionProperties) = preSolution
		HideSolutionNode = FALSE
	EndGlobalSection
	GlobalSection(ExtensibilityGlobals) = postSolution
		SolutionGuid = {08CA0D58-B369-4AD8-A524-4AFE4245EB3B}
	EndGlobalSection
EndGlobal
